
Microsoft Visual Studio Solution File, Format Version 12.00
# Visual Studio 15
VisualStudioVersion = 15.0.28307.168
MinimumVisualStudioVersion = 10.0.40219.1
Project("{FAE04EC0-301F-11D3-BF4B-00C04F79EFBC}") = "Springerproblem", "Springerproblem\Springerproblem.csproj", "{928B47D4-21AA-4AC6-9495-921DAB1028DF}"
EndProject
Global
	GlobalSection(SolutionConfigurationPlatforms) = preSolution
		Debug|Any CPU = Debug|Any CPU
		Release|Any CPU = Release|Any CPU
	EndGlobalSection
	GlobalSection(ProjectConfigurationPlatforms) = postSolution
		{928B47D4-21AA-4AC6-9495-921DAB1028DF}.Debug|Any CPU.ActiveCfg = Debug|Any CPU
		{928B47D4-21AA-4AC6-9495-921DAB1028DF}.Debug|Any CPU.Build.0 = Debug|Any CPU
		{928B47D4-21AA-4AC6-9495-921DAB1028DF}.Release|Any CPU.ActiveCfg = Release|Any CPU
		{928B47D4-21AA-4AC6-9495-921DAB1028DF}.Release|Any CPU.Build.0 = Release|Any CPU
	EndGlobalSection
	GlobalSection(SolutionProperties) = preSolution
		HideSolutionNode = FALSE
	EndGlobalSection
	GlobalSection(ExtensibilityGlobals) = postSolution
		SolutionGuid = {F04C0DBF-7D0E-4DFB-A98A-D4DCB4BF4FC7}
	EndGlobalSection
EndGlobal
